// !$*UTF8*$!
{
	archiveVersion = 1;
	classes = {
	};
	objectVersion = 46;
	objects = {

/* Begin PBXBuildFile section */
		FB81386D1F96BE4400395B72 /* AppDelegate.swift in Sources */ = {isa = PBXBuildFile; fileRef = FB81386C1F96BE4400395B72 /* AppDelegate.swift */; };
		FB81386F1F96BE4400395B72 /* ViewController.swift in Sources */ = {isa = PBXBuildFile; fileRef = FB81386E1F96BE4400395B72 /* ViewController.swift */; };
		FB8138721F96BE4400395B72 /* Main.storyboard in Resources */ = {isa = PBXBuildFile; fileRef = FB8138701F96BE4400395B72 /* Main.storyboard */; };
		FB8138741F96BE4400395B72 /* Assets.xcassets in Resources */ = {isa = PBXBuildFile; fileRef = FB8138731F96BE4400395B72 /* Assets.xcassets */; };
		FB8138771F96BE4400395B72 /* LaunchScreen.storyboard in Resources */ = {isa = PBXBuildFile; fileRef = FB8138751F96BE4400395B72 /* LaunchScreen.storyboard */; };
/* End PBXBuildFile section */

/* Begin PBXFileReference section */
		FB8138691F96BE4400395B72 /* BacaratScoreboard.app */ = {isa = PBXFileReference; explicitFileType = wrapper.application; includeInIndex = 0; path = BacaratScoreboard.app; sourceTree = BUILT_PRODUCTS_DIR; };
		FB81386C1F96BE4400395B72 /* AppDelegate.swift */ = {isa = PBXFileReference; lastKnownFileType = sourcecode.swift; path = AppDelegate.swift; sourceTree = "<group>"; };
		FB81386E1F96BE4400395B72 /* ViewController.swift */ = {isa = PBXFileReference; lastKnownFileType = sourcecode.swift; path = ViewController.swift; sourceTree = "<group>"; };
		FB8138711F96BE4400395B72 /* Base */ = {isa = PBXFileReference; lastKnownFileType = file.storyboard; name = Base; path = Base.lproj/Main.storyboard; sourceTree = "<group>"; };
		FB8138731F96BE4400395B72 /* Assets.xcassets */ = {isa = PBXFileReference; lastKnownFileType = folder.assetcatalog; path = Assets.xcassets; sourceTree = "<group>"; };
		FB8138761F96BE4400395B72 /* Base */ = {isa = PBXFileReference; lastKnownFileType = file.storyboard; name = Base; path = Base.lproj/LaunchScreen.storyboard; sourceTree = "<group>"; };
		FB8138781F96BE4400395B72 /* Info.plist */ = {isa = PBXFileReference; lastKnownFileType = text.plist.xml; path = Info.plist; sourceTree = "<group>"; };
/* End PBXFileReference section */

/* Begin PBXFrameworksBuildPhase section */
		FB8138661F96BE4300395B72 /* Frameworks */ = {
			isa = PBXFrameworksBuildPhase;
			buildActionMask = 2147483647;
			files = (
			);
			runOnlyForDeploymentPostprocessing = 0;
		};
/* End PBXFrameworksBuildPhase section */

/* Begin PBXGroup section */
		FB8138601F96BE4300395B72 = {
			isa = PBXGroup;
			children = (
				FB81386B1F96BE4400395B72 /* BacaratScoreboard */,
				FB81386A1F96BE4400395B72 /* Products */,
			);
			sourceTree = "<group>";
		};
		FB81386A1F96BE4400395B72 /* Products */ = {
			isa = PBXGroup;
			children = (
				FB8138691F96BE4400395B72 /* BacaratScoreboard.app */,
			);
			name = Products;
			sourceTree = "<group>";
		};
		FB81386B1F96BE4400395B72 /* BacaratScoreboard */ = {
			isa = PBXGroup;
			children = (
				FB81386C1F96BE4400395B72 /* AppDelegate.swift */,
				FB81386E1F96BE4400395B72 /* ViewController.swift */,
				FB8138701F96BE4400395B72 /* Main.storyboard */,
				FB8138731F96BE4400395B72 /* Assets.xcassets */,
				FB8138751F96BE4400395B72 /* LaunchScreen.storyboard */,
				FB8138781F96BE4400395B72 /* Info.plist */,
			);
			path = BacaratScoreboard;
			sourceTree = "<group>";
		};
/* End PBXGroup section */

/* Begin PBXNativeTarget section */
		FB8138681F96BE4300395B72 /* BacaratScoreboard */ = {
			isa = PBXNativeTarget;
			buildConfigurationList = FB81387B1F96BE4400395B72 /* Build configuration list for PBXNativeTarget "BacaratScoreboard" */;
			buildPhases = (
				FB8138651F96BE4300395B72 /* Sources */,
				FB8138661F96BE4300395B72 /* Frameworks */,
				FB8138671F96BE4300395B72 /* Resources */,
			);
			buildRules = (
			);
			dependencies = (
			);
			name = BacaratScoreboard;
			productName = BacaratScoreboard;
			productReference = FB8138691F96BE4400395B72 /* BacaratScoreboard.app */;
			productType = "com.apple.product-type.application";
		};
/* End PBXNativeTarget section */

/* Begin PBXProject section */
		FB8138611F96BE4300395B72 /* Project object */ = {
			isa = PBXProject;
			attributes = {
				LastSwiftUpdateCheck = 0720;
				LastUpgradeCheck = 0720;
				ORGANIZATIONNAME = Alumno;
				TargetAttributes = {
					FB8138681F96BE4300395B72 = {
						CreatedOnToolsVersion = 7.2.1;
					};
				};
			};
			buildConfigurationList = FB8138641F96BE4300395B72 /* Build configuration list for PBXProject "BacaratScoreboard" */;
			compatibilityVersion = "Xcode 3.2";
			developmentRegion = English;
			hasScannedForEncodings = 0;
			knownRegions = (
				en,
				Base,
			);
			mainGroup = FB8138601F96BE4300395B72;
			productRefGroup = FB81386A1F96BE4400395B72 /* Products */;
			projectDirPath = "";
			projectRoot = "";
			targets = (
				FB8138681F96BE4300395B72 /* BacaratScoreboard */,
			);
		};
/* End PBXProject section */

/* Begin PBXResourcesBuildPhase section */
		FB8138671F96BE4300395B72 /* Resources */ = {
			isa = PBXResourcesBuildPhase;
			buildActionMask = 2147483647;
			files = (
				FB8138771F96BE4400395B72 /* LaunchScreen.storyboard in Resources */,
				FB8138741F96BE4400395B72 /* Assets.xcassets in Resources */,
				FB8138721F96BE4400395B72 /* Main.storyboard in Resources */,
			);
			runOnlyForDeploymentPostprocessing = 0;
		};
/* End PBXResourcesBuildPhase section */

/* Begin PBXSourcesBuildPhase section */
		FB8138651F96BE4300395B72 /* Sources */ = {
			isa = PBXSourcesBuildPhase;
			buildActionMask = 2147483647;
			files = (
				FB81386F1F96BE4400395B72 /* ViewController.swift in Sources */,
				FB81386D1F96BE4400395B72 /* AppDelegate.swift in Sources */,
			);
			runOnlyForDeploymentPostprocessing = 0;
		};
/* End PBXSourcesBuildPhase section */

/* Begin PBXVariantGroup section */
		FB8138701F96BE4400395B72 /* Main.storyboard */ = {
			isa = PBXVariantGroup;
			children = (
				FB8138711F96BE4400395B72 /* Base */,
			);
			name = Main.storyboard;
			sourceTree = "<group>";
		};
		FB8138751F96BE4400395B72 /* LaunchScreen.storyboard */ = {
			isa = PBXVariantGroup;
			children = (
				FB8138761F96BE4400395B72 /* Base */,
			);
			name = LaunchScreen.storyboard;
			sourceTree = "<group>";
		};
/* End PBXVariantGroup section */

/* Begin XCBuildConfiguration section */
		FB8138791F96BE4400395B72 /* Debug */ = {
			isa = XCBuildConfiguration;
			buildSettings = {
				ALWAYS_SEARCH_USER_PATHS = NO;
				CLANG_CXX_LANGUAGE_STANDARD = "gnu++0x";
				CLANG_CXX_LIBRARY = "libc++";
				CLANG_ENABLE_MODULES = YES;
				CLANG_ENABLE_OBJC_ARC = YES;
				CLANG_WARN_BOOL_CONVERSION = YES;
				CLANG_WARN_CONSTANT_CONVERSION = YES;
				CLANG_WARN_DIRECT_OBJC_ISA_USAGE = YES_ERROR;
				CLANG_WARN_EMPTY_BODY = YES;
				CLANG_WARN_ENUM_CONVERSION = YES;
				CLANG_WARN_INT_CONVERSION = YES;
				CLANG_WARN_OBJC_ROOT_CLASS = YES_ERROR;
				CLANG_WARN_UNREACHABLE_CODE = YES;
				CLANG_WARN__DUPLICATE_METHOD_MATCH = YES;
				"CODE_SIGN_IDENTITY[sdk=iphoneos*]" = "iPhone Developer";
				COPY_PHASE_STRIP = NO;
				DEBUG_INFORMATION_FORMAT = dwarf;
				ENABLE_STRICT_OBJC_MSGSEND = YES;
				ENABLE_TESTABILITY = YES;
				GCC_C_LANGUAGE_STANDARD = gnu99;
				GCC_DYNAMIC_NO_PIC = NO;
				GCC_NO_COMMON_BLOCKS = YES;
				GCC_OPTIMIZATION_LEVEL = 0;
				GCC_PREPROCESSOR_DEFINITIONS = (
					"DEBUG=1",
					"$(inherited)",
				);
				GCC_WARN_64_TO_32_BIT_CONVERSION = YES;
				GCC_WARN_ABOUT_RETURN_TYPE = YES_ERROR;
				GCC_WARN_UNDECLARED_SELECTOR = YES;
				GCC_WARN_UNINITIALIZED_AUTOS = YES_AGGRESSIVE;
				GCC_WARN_UNUSED_FUNCTION = YES;
				GCC_WARN_UNUSED_VARIABLE = YES;
				IPHONEOS_DEPLOYMENT_TARGET = 9.2;
				MTL_ENABLE_DEBUG_INFO = YES;
				ONLY_ACTIVE_ARCH = YES;
				SDKROOT = iphoneos;
				SWIFT_OPTIMIZATION_LEVEL = "-Onone";
			};
			name = Debug;
		};
		FB81387A1F96BE4400395B72 /* Release */ = {
			isa = XCBuildConfiguration;
			buildSettings = {
				ALWAYS_SEARCH_USER_PATHS = NO;
				CLANG_CXX_LANGUAGE_STANDARD = "gnu++0x";
				CLANG_CXX_LIBRARY = "libc++";
				CLANG_ENABLE_MODULES = YES;
				CLANG_ENABLE_OBJC_ARC = YES;
				CLANG_WARN_BOOL_CONVERSION = YES;
				CLANG_WARN_CONSTANT_CONVERSION = YES;
				CLANG_WARN_DIRECT_OBJC_ISA_USAGE = YES_ERROR;
				CLANG_WARN_EMPTY_BODY = YES;
				CLANG_WARN_ENUM_CONVERSION = YES;
				CLANG_WARN_INT_CONVERSION = YES;
				CLANG_WARN_OBJC_ROOT_CLASS = YES_ERROR;
				CLANG_WARN_UNREACHABLE_CODE = YES;
				CLANG_WARN__DUPLICATE_METHOD_MATCH = YES;
				"CODE_SIGN_IDENTITY[sdk=iphoneos*]" = "iPhone Developer";
				COPY_PHASE_STRIP = NO;
				DEBUG_INFORMATION_FORMAT = "dwarf-with-dsym";
				ENABLE_NS_ASSERTIONS = NO;
				ENABLE_STRICT_OBJC_MSGSEND = YES;
				GCC_C_LANGUAGE_STANDARD = gnu99;
				GCC_NO_COMMON_BLOCKS = YES;
				GCC_WARN_64_TO_32_BIT_CONVERSION = YES;
				GCC_WARN_ABOUT_RETURN_TYPE = YES_ERROR;
				GCC_WARN_UNDECLARED_SELECTOR = YES;
				GCC_WARN_UNINITIALIZED_AUTOS = YES_AGGRESSIVE;
				GCC_WARN_UNUSED_FUNCTION = YES;
				GCC_WARN_UNUSED_VARIABLE = YES;
				IPHONEOS_DEPLOYMENT_TARGET = 9.2;
				MTL_ENABLE_DEBUG_INFO = NO;
				SDKROOT = iphoneos;
				VALIDATE_PRODUCT = YES;
			};
			name = Release;
		};
		FB81387C1F96BE4400395B72 /* Debug */ = {
			isa = XCBuildConfiguration;
			buildSettings = {
				ASSETCATALOG_COMPILER_APPICON_NAME = AppIcon;
				INFOPLIST_FILE = BacaratScoreboard/Info.plist;
				LD_RUNPATH_SEARCH_PATHS = "$(inherited) @executable_path/Frameworks";
				PRODUCT_BUNDLE_IDENTIFIER = g.BacaratScoreboard;
				PRODUCT_NAME = "$(TARGET_NAME)";
			};
			name = Debug;
		};
		FB81387D1F96BE4400395B72 /* Release */ = {
			isa = XCBuildConfiguration;
			buildSettings = {
				ASSETCATALOG_COMPILER_APPICON_NAME = AppIcon;
				INFOPLIST_FILE = BacaratScoreboard/Info.plist;
				LD_RUNPATH_SEARCH_PATHS = "$(inherited) @executable_path/Frameworks";
				PRODUCT_BUNDLE_IDENTIFIER = g.BacaratScoreboard;
				PRODUCT_NAME = "$(TARGET_NAME)";
			};
			name = Release;
		};
/* End XCBuildConfiguration section */

/* Begin XCConfigurationList section */
		FB8138641F96BE4300395B72 /* Build configuration list for PBXProject "BacaratScoreboard" */ = {
			isa = XCConfigurationList;
			buildConfigurations = (
				FB8138791F96BE4400395B72 /* Debug */,
				FB81387A1F96BE4400395B72 /* Release */,
			);
			defaultConfigurationIsVisible = 0;
			defaultConfigurationName = Release;
		};
		FB81387B1F96BE4400395B72 /* Build configuration list for PBXNativeTarget "BacaratScoreboard" */ = {
			isa = XCConfigurationList;
			buildConfigurations = (
				FB81387C1F96BE4400395B72 /* Debug */,
				FB81387D1F96BE4400395B72 /* Release */,
			);
			defaultConfigurationIsVisible = 0;
		};
/* End XCConfigurationList section */
	};
	rootObject = FB8138611F96BE4300395B72 /* Project object */;
}
